
Microsoft Visual Studio Solution File, Format Version 12.00
# Visual Studio Version 17
VisualStudioVersion = 17.6.33829.357
MinimumVisualStudioVersion = 10.0.40219.1
Project("{FAE04EC0-301F-11D3-BF4B-00C04F79EFBC}") = "formislem", "formislem\formislem.csproj", "{6B53AB33-EAC7-4F9D-A87C-1591B393AF73}"
EndProject
Global
	GlobalSection(SolutionConfigurationPlatforms) = preSolution
		Debug|Any CPU = Debug|Any CPU
		Release|Any CPU = Release|Any CPU
	EndGlobalSection
	GlobalSection(ProjectConfigurationPlatforms) = postSolution
		{6B53AB33-EAC7-4F9D-A87C-1591B393AF73}.Debug|Any CPU.ActiveCfg = Debug|Any CPU
		{6B53AB33-EAC7-4F9D-A87C-1591B393AF73}.Debug|Any CPU.Build.0 = Debug|Any CPU
		{6B53AB33-EAC7-4F9D-A87C-1591B393AF73}.Release|Any CPU.ActiveCfg = Release|Any CPU
		{6B53AB33-EAC7-4F9D-A87C-1591B393AF73}.Release|Any CPU.Build.0 = Release|Any CPU
	EndGlobalSection
	GlobalSection(SolutionProperties) = preSolution
		HideSolutionNode = FALSE
	EndGlobalSection
	GlobalSection(ExtensibilityGlobals) = postSolution
		SolutionGuid = {D4EF263D-2559-4205-8BE5-66842DEB9E35}
	EndGlobalSection
EndGlobal
